// !$*UTF8*$!
{
	archiveVersion = 1;
	classes = {
	};
	objectVersion = 77;
	objects = {

/* Begin PBXContainerItemProxy section */
		3673C0932CF9C614005A1BED /* PBXContainerItemProxy */ = {
			isa = PBXContainerItemProxy;
			containerPortal = 3673C07A2CF9C612005A1BED /* Project object */;
			proxyType = 1;
			remoteGlobalIDString = 3673C0812CF9C612005A1BED;
			remoteInfo = "dewbee-ios";
		};
		3673C09D2CF9C614005A1BED /* PBXContainerItemProxy */ = {
			isa = PBXContainerItemProxy;
			containerPortal = 3673C07A2CF9C612005A1BED /* Project object */;
			proxyType = 1;
			remoteGlobalIDString = 3673C0812CF9C612005A1BED;
			remoteInfo = "dewbee-ios";
		};
/* End PBXContainerItemProxy section */

/* Begin PBXFileReference section */
		3673C0822CF9C612005A1BED /* dewbee-ios.app */ = {isa = PBXFileReference; explicitFileType = wrapper.application; includeInIndex = 0; path = "dewbee-ios.app"; sourceTree = BUILT_PRODUCTS_DIR; };
		3673C0922CF9C614005A1BED /* dewbee-iosTests.xctest */ = {isa = PBXFileReference; explicitFileType = wrapper.cfbundle; includeInIndex = 0; path = "dewbee-iosTests.xctest"; sourceTree = BUILT_PRODUCTS_DIR; };
		3673C09C2CF9C614005A1BED /* dewbee-iosUITests.xctest */ = {isa = PBXFileReference; explicitFileType = wrapper.cfbundle; includeInIndex = 0; path = "dewbee-iosUITests.xctest"; sourceTree = BUILT_PRODUCTS_DIR; };
/* End PBXFileReference section */

/* Begin PBXFileSystemSynchronizedRootGroup section */
		3673C0842CF9C612005A1BED /* dewbee-ios */ = {
			isa = PBXFileSystemSynchronizedRootGroup;
			path = "dewbee-ios";
			sourceTree = "<group>";
		};
		3673C0952CF9C614005A1BED /* dewbee-iosTests */ = {
			isa = PBXFileSystemSynchronizedRootGroup;
			path = "dewbee-iosTests";
			sourceTree = "<group>";
		};
		3673C09F2CF9C614005A1BED /* dewbee-iosUITests */ = {
			isa = PBXFileSystemSynchronizedRootGroup;
			path = "dewbee-iosUITests";
			sourceTree = "<group>";
		};
/* End PBXFileSystemSynchronizedRootGroup section */

/* Begin PBXFrameworksBuildPhase section */
		3673C07F2CF9C612005A1BED /* Frameworks */ = {
			isa = PBXFrameworksBuildPhase;
			buildActionMask = 2147483647;
			files = (
			);
			runOnlyForDeploymentPostprocessing = 0;
		};
		3673C08F2CF9C614005A1BED /* Frameworks */ = {
			isa = PBXFrameworksBuildPhase;
			buildActionMask = 2147483647;
			files = (
			);
			runOnlyForDeploymentPostprocessing = 0;
		};
		3673C0992CF9C614005A1BED /* Frameworks */ = {
			isa = PBXFrameworksBuildPhase;
			buildActionMask = 2147483647;
			files = (
			);
			runOnlyForDeploymentPostprocessing = 0;
		};
/* End PBXFrameworksBuildPhase section */

/* Begin PBXGroup section */
		3673C0792CF9C612005A1BED = {
			isa = PBXGroup;
			children = (
				3673C0842CF9C612005A1BED /* dewbee-ios */,
				3673C0952CF9C614005A1BED /* dewbee-iosTests */,
				3673C09F2CF9C614005A1BED /* dewbee-iosUITests */,
				3673C0832CF9C612005A1BED /* Products */,
			);
			sourceTree = "<group>";
		};
		3673C0832CF9C612005A1BED /* Products */ = {
			isa = PBXGroup;
			children = (
				3673C0822CF9C612005A1BED /* dewbee-ios.app */,
				3673C0922CF9C614005A1BED /* dewbee-iosTests.xctest */,
				3673C09C2CF9C614005A1BED /* dewbee-iosUITests.xctest */,
			);
			name = Products;
			sourceTree = "<group>";
		};
/* End PBXGroup section */

/* Begin PBXNativeTarget section */
		3673C0812CF9C612005A1BED /* dewbee-ios */ = {
			isa = PBXNativeTarget;
			buildConfigurationList = 3673C0A62CF9C614005A1BED /* Build configuration list for PBXNativeTarget "dewbee-ios" */;
			buildPhases = (
				3673C07E2CF9C612005A1BED /* Sources */,
				3673C07F2CF9C612005A1BED /* Frameworks */,
				3673C0802CF9C612005A1BED /* Resources */,
			);
			buildRules = (
			);
			dependencies = (
			);
			fileSystemSynchronizedGroups = (
				3673C0842CF9C612005A1BED /* dewbee-ios */,
			);
			name = "dewbee-ios";
			packageProductDependencies = (
			);
			productName = "dewbee-ios";
			productReference = 3673C0822CF9C612005A1BED /* dewbee-ios.app */;
			productType = "com.apple.product-type.application";
		};
		3673C0912CF9C614005A1BED /* dewbee-iosTests */ = {
			isa = PBXNativeTarget;
			buildConfigurationList = 3673C0A92CF9C614005A1BED /* Build configuration list for PBXNativeTarget "dewbee-iosTests" */;
			buildPhases = (
				3673C08E2CF9C614005A1BED /* Sources */,
				3673C08F2CF9C614005A1BED /* Frameworks */,
				3673C0902CF9C614005A1BED /* Resources */,
			);
			buildRules = (
			);
			dependencies = (
				3673C0942CF9C614005A1BED /* PBXTargetDependency */,
			);
			fileSystemSynchronizedGroups = (
				3673C0952CF9C614005A1BED /* dewbee-iosTests */,
			);
			name = "dewbee-iosTests";
			packageProductDependencies = (
			);
			productName = "dewbee-iosTests";
			productReference = 3673C0922CF9C614005A1BED /* dewbee-iosTests.xctest */;
			productType = "com.apple.product-type.bundle.unit-test";
		};
		3673C09B2CF9C614005A1BED /* dewbee-iosUITests */ = {
			isa = PBXNativeTarget;
			buildConfigurationList = 3673C0AC2CF9C614005A1BED /* Build configuration list for PBXNativeTarget "dewbee-iosUITests" */;
			buildPhases = (
				3673C0982CF9C614005A1BED /* Sources */,
				3673C0992CF9C614005A1BED /* Frameworks */,
				3673C09A2CF9C614005A1BED /* Resources */,
			);
			buildRules = (
			);
			dependencies = (
				3673C09E2CF9C614005A1BED /* PBXTargetDependency */,
			);
			fileSystemSynchronizedGroups = (
				3673C09F2CF9C614005A1BED /* dewbee-iosUITests */,
			);
			name = "dewbee-iosUITests";
			packageProductDependencies = (
			);
			productName = "dewbee-iosUITests";
			productReference = 3673C09C2CF9C614005A1BED /* dewbee-iosUITests.xctest */;
			productType = "com.apple.product-type.bundle.ui-testing";
		};
/* End PBXNativeTarget section */

/* Begin PBXProject section */
		3673C07A2CF9C612005A1BED /* Project object */ = {
			isa = PBXProject;
			attributes = {
				BuildIndependentTargetsInParallel = 1;
				LastSwiftUpdateCheck = 1610;
				LastUpgradeCheck = 1610;
				TargetAttributes = {
					3673C0812CF9C612005A1BED = {
						CreatedOnToolsVersion = 16.1;
					};
					3673C0912CF9C614005A1BED = {
						CreatedOnToolsVersion = 16.1;
						TestTargetID = 3673C0812CF9C612005A1BED;
					};
					3673C09B2CF9C614005A1BED = {
						CreatedOnToolsVersion = 16.1;
						TestTargetID = 3673C0812CF9C612005A1BED;
					};
				};
			};
			buildConfigurationList = 3673C07D2CF9C612005A1BED /* Build configuration list for PBXProject "dewbee-ios" */;
			developmentRegion = en;
			hasScannedForEncodings = 0;
			knownRegions = (
				en,
				Base,
				ko,
			);
			mainGroup = 3673C0792CF9C612005A1BED;
			minimizedProjectReferenceProxies = 1;
			preferredProjectObjectVersion = 77;
			productRefGroup = 3673C0832CF9C612005A1BED /* Products */;
			projectDirPath = "";
			projectRoot = "";
			targets = (
				3673C0812CF9C612005A1BED /* dewbee-ios */,
				3673C0912CF9C614005A1BED /* dewbee-iosTests */,
				3673C09B2CF9C614005A1BED /* dewbee-iosUITests */,
			);
		};
/* End PBXProject section */

/* Begin PBXResourcesBuildPhase section */
		3673C0802CF9C612005A1BED /* Resources */ = {
			isa = PBXResourcesBuildPhase;
			buildActionMask = 2147483647;
			files = (
			);
			runOnlyForDeploymentPostprocessing = 0;
		};
		3673C0902CF9C614005A1BED /* Resources */ = {
			isa = PBXResourcesBuildPhase;
			buildActionMask = 2147483647;
			files = (
			);
			runOnlyForDeploymentPostprocessing = 0;
		};
		3673C09A2CF9C614005A1BED /* Resources */ = {
			isa = PBXResourcesBuildPhase;
			buildActionMask = 2147483647;
			files = (
			);
			runOnlyForDeploymentPostprocessing = 0;
		};
/* End PBXResourcesBuildPhase section */

/* Begin PBXSourcesBuildPhase section */
		3673C07E2CF9C612005A1BED /* Sources */ = {
			isa = PBXSourcesBuildPhase;
			buildActionMask = 2147483647;
			files = (
			);
			runOnlyForDeploymentPostprocessing = 0;
		};
		3673C08E2CF9C614005A1BED /* Sources */ = {
			isa = PBXSourcesBuildPhase;
			buildActionMask = 2147483647;
			files = (
			);
			runOnlyForDeploymentPostprocessing = 0;
		};
		3673C0982CF9C614005A1BED /* Sources */ = {
			isa = PBXSourcesBuildPhase;
			buildActionMask = 2147483647;
			files = (
			);
			runOnlyForDeploymentPostprocessing = 0;
		};
/* End PBXSourcesBuildPhase section */

/* Begin PBXTargetDependency section */
		3673C0942CF9C614005A1BED /* PBXTargetDependency */ = {
			isa = PBXTargetDependency;
			target = 3673C0812CF9C612005A1BED /* dewbee-ios */;
			targetProxy = 3673C0932CF9C614005A1BED /* PBXContainerItemProxy */;
		};
		3673C09E2CF9C614005A1BED /* PBXTargetDependency */ = {
			isa = PBXTargetDependency;
			target = 3673C0812CF9C612005A1BED /* dewbee-ios */;
			targetProxy = 3673C09D2CF9C614005A1BED /* PBXContainerItemProxy */;
		};
/* End PBXTargetDependency section */

/* Begin XCBuildConfiguration section */
		3673C0A42CF9C614005A1BED /* Debug */ = {
			isa = XCBuildConfiguration;
			buildSettings = {
				ALWAYS_SEARCH_USER_PATHS = NO;
				ASSETCATALOG_COMPILER_GENERATE_SWIFT_ASSET_SYMBOL_EXTENSIONS = YES;
				CLANG_ANALYZER_LOCALIZABILITY_NONLOCALIZED = YES;
				CLANG_ANALYZER_NONNULL = YES;
				CLANG_ANALYZER_NUMBER_OBJECT_CONVERSION = YES_AGGRESSIVE;
				CLANG_CXX_LANGUAGE_STANDARD = "gnu++20";
				CLANG_ENABLE_MODULES = YES;
				CLANG_ENABLE_OBJC_ARC = YES;
				CLANG_ENABLE_OBJC_WEAK = YES;
				CLANG_WARN_BLOCK_CAPTURE_AUTORELEASING = YES;
				CLANG_WARN_BOOL_CONVERSION = YES;
				CLANG_WARN_COMMA = YES;
				CLANG_WARN_CONSTANT_CONVERSION = YES;
				CLANG_WARN_DEPRECATED_OBJC_IMPLEMENTATIONS = YES;
				CLANG_WARN_DIRECT_OBJC_ISA_USAGE = YES_ERROR;
				CLANG_WARN_DOCUMENTATION_COMMENTS = YES;
				CLANG_WARN_EMPTY_BODY = YES;
				CLANG_WARN_ENUM_CONVERSION = YES;
				CLANG_WARN_INFINITE_RECURSION = YES;
				CLANG_WARN_INT_CONVERSION = YES;
				CLANG_WARN_NON_LITERAL_NULL_CONVERSION = YES;
				CLANG_WARN_OBJC_IMPLICIT_RETAIN_SELF = YES;
				CLANG_WARN_OBJC_LITERAL_CONVERSION = YES;
				CLANG_WARN_OBJC_ROOT_CLASS = YES_ERROR;
				CLANG_WARN_QUOTED_INCLUDE_IN_FRAMEWORK_HEADER = YES;
				CLANG_WARN_RANGE_LOOP_ANALYSIS = YES;
				CLANG_WARN_STRICT_PROTOTYPES = YES;
				CLANG_WARN_SUSPICIOUS_MOVE = YES;
				CLANG_WARN_UNGUARDED_AVAILABILITY = YES_AGGRESSIVE;
				CLANG_WARN_UNREACHABLE_CODE = YES;
				CLANG_WARN__DUPLICATE_METHOD_MATCH = YES;
				COPY_PHASE_STRIP = NO;
				DEBUG_INFORMATION_FORMAT = dwarf;
				ENABLE_STRICT_OBJC_MSGSEND = YES;
				ENABLE_TESTABILITY = YES;
				ENABLE_USER_SCRIPT_SANDBOXING = YES;
				GCC_C_LANGUAGE_STANDARD = gnu17;
				GCC_DYNAMIC_NO_PIC = NO;
				GCC_NO_COMMON_BLOCKS = YES;
				GCC_OPTIMIZATION_LEVEL = 0;
				GCC_PREPROCESSOR_DEFINITIONS = (
					"DEBUG=1",
					"$(inherited)",
				);
				GCC_WARN_64_TO_32_BIT_CONVERSION = YES;
				GCC_WARN_ABOUT_RETURN_TYPE = YES_ERROR;
				GCC_WARN_UNDECLARED_SELECTOR = YES;
				GCC_WARN_UNINITIALIZED_AUTOS = YES_AGGRESSIVE;
				GCC_WARN_UNUSED_FUNCTION = YES;
				GCC_WARN_UNUSED_VARIABLE = YES;
				IPHONEOS_DEPLOYMENT_TARGET = 18.1;
				LOCALIZATION_PREFERS_STRING_CATALOGS = YES;
				MTL_ENABLE_DEBUG_INFO = INCLUDE_SOURCE;
				MTL_FAST_MATH = YES;
				ONLY_ACTIVE_ARCH = YES;
				SDKROOT = iphoneos;
				SWIFT_ACTIVE_COMPILATION_CONDITIONS = "DEBUG $(inherited)";
				SWIFT_OPTIMIZATION_LEVEL = "-Onone";
			};
			name = Debug;
		};
		3673C0A52CF9C614005A1BED /* Release */ = {
			isa = XCBuildConfiguration;
			buildSettings = {
				ALWAYS_SEARCH_USER_PATHS = NO;
				ASSETCATALOG_COMPILER_GENERATE_SWIFT_ASSET_SYMBOL_EXTENSIONS = YES;
				CLANG_ANALYZER_LOCALIZABILITY_NONLOCALIZED = YES;
				CLANG_ANALYZER_NONNULL = YES;
				CLANG_ANALYZER_NUMBER_OBJECT_CONVERSION = YES_AGGRESSIVE;
				CLANG_CXX_LANGUAGE_STANDARD = "gnu++20";
				CLANG_ENABLE_MODULES = YES;
				CLANG_ENABLE_OBJC_ARC = YES;
				CLANG_ENABLE_OBJC_WEAK = YES;
				CLANG_WARN_BLOCK_CAPTURE_AUTORELEASING = YES;
				CLANG_WARN_BOOL_CONVERSION = YES;
				CLANG_WARN_COMMA = YES;
				CLANG_WARN_CONSTANT_CONVERSION = YES;
				CLANG_WARN_DEPRECATED_OBJC_IMPLEMENTATIONS = YES;
				CLANG_WARN_DIRECT_OBJC_ISA_USAGE = YES_ERROR;
				CLANG_WARN_DOCUMENTATION_COMMENTS = YES;
				CLANG_WARN_EMPTY_BODY = YES;
				CLANG_WARN_ENUM_CONVERSION = YES;
				CLANG_WARN_INFINITE_RECURSION = YES;
				CLANG_WARN_INT_CONVERSION = YES;
				CLANG_WARN_NON_LITERAL_NULL_CONVERSION = YES;
				CLANG_WARN_OBJC_IMPLICIT_RETAIN_SELF = YES;
				CLANG_WARN_OBJC_LITERAL_CONVERSION = YES;
				CLANG_WARN_OBJC_ROOT_CLASS = YES_ERROR;
				CLANG_WARN_QUOTED_INCLUDE_IN_FRAMEWORK_HEADER = YES;
				CLANG_WARN_RANGE_LOOP_ANALYSIS = YES;
				CLANG_WARN_STRICT_PROTOTYPES = YES;
				CLANG_WARN_SUSPICIOUS_MOVE = YES;
				CLANG_WARN_UNGUARDED_AVAILABILITY = YES_AGGRESSIVE;
				CLANG_WARN_UNREACHABLE_CODE = YES;
				CLANG_WARN__DUPLICATE_METHOD_MATCH = YES;
				COPY_PHASE_STRIP = NO;
				DEBUG_INFORMATION_FORMAT = "dwarf-with-dsym";
				ENABLE_NS_ASSERTIONS = NO;
				ENABLE_STRICT_OBJC_MSGSEND = YES;
				ENABLE_USER_SCRIPT_SANDBOXING = YES;
				GCC_C_LANGUAGE_STANDARD = gnu17;
				GCC_NO_COMMON_BLOCKS = YES;
				GCC_WARN_64_TO_32_BIT_CONVERSION = YES;
				GCC_WARN_ABOUT_RETURN_TYPE = YES_ERROR;
				GCC_WARN_UNDECLARED_SELECTOR = YES;
				GCC_WARN_UNINITIALIZED_AUTOS = YES_AGGRESSIVE;
				GCC_WARN_UNUSED_FUNCTION = YES;
				GCC_WARN_UNUSED_VARIABLE = YES;
				IPHONEOS_DEPLOYMENT_TARGET = 18.1;
				LOCALIZATION_PREFERS_STRING_CATALOGS = YES;
				MTL_ENABLE_DEBUG_INFO = NO;
				MTL_FAST_MATH = YES;
				SDKROOT = iphoneos;
				SWIFT_COMPILATION_MODE = wholemodule;
				VALIDATE_PRODUCT = YES;
			};
			name = Release;
		};
		3673C0A72CF9C614005A1BED /* Debug */ = {
			isa = XCBuildConfiguration;
			buildSettings = {
				ASSETCATALOG_COMPILER_APPICON_NAME = AppIcon;
				ASSETCATALOG_COMPILER_GLOBAL_ACCENT_COLOR_NAME = AccentColor;
				ASSETCATALOG_COMPILER_INCLUDE_ALL_APPICON_ASSETS = YES;
				CODE_SIGN_STYLE = Automatic;
				CURRENT_PROJECT_VERSION = 1.1;
				DEVELOPMENT_ASSET_PATHS = "\"dewbee-ios/Preview Content\"";
				DEVELOPMENT_TEAM = CWE2KX9QPA;
				ENABLE_PREVIEWS = YES;
				GENERATE_INFOPLIST_FILE = YES;
				INFOPLIST_FILE = "dewbee-ios/Base.lproj/Info.plist";
				INFOPLIST_KEY_CFBundleDisplayName = "듀비";
				INFOPLIST_KEY_LSApplicationCategoryType = "public.app-category.finance";
				INFOPLIST_KEY_UIApplicationSceneManifest_Generation = YES;
				INFOPLIST_KEY_UIApplicationSupportsIndirectInputEvents = YES;
				INFOPLIST_KEY_UILaunchStoryboardName = "Launch Screen";
				INFOPLIST_KEY_UISupportedInterfaceOrientations_iPad = "UIInterfaceOrientationPortrait UIInterfaceOrientationPortraitUpsideDown UIInterfaceOrientationLandscapeLeft UIInterfaceOrientationLandscapeRight";
				INFOPLIST_KEY_UISupportedInterfaceOrientations_iPhone = "UIInterfaceOrientationPortrait UIInterfaceOrientationLandscapeLeft UIInterfaceOrientationLandscapeRight";
				LD_RUNPATH_SEARCH_PATHS = (
					"$(inherited)",
					"@executable_path/Frameworks",
				);
				MARKETING_VERSION = 1.1;
				PRODUCT_BUNDLE_IDENTIFIER = "com.dewdew.dewbee-ios";
				PRODUCT_NAME = "$(TARGET_NAME)";
				SUPPORTED_PLATFORMS = "iphoneos iphonesimulator";
				SUPPORTS_MACCATALYST = NO;
				SUPPORTS_XR_DESIGNED_FOR_IPHONE_IPAD = NO;
				SWIFT_EMIT_LOC_STRINGS = YES;
				SWIFT_VERSION = 5.0;
				TARGETED_DEVICE_FAMILY = "1,2";
			};
			name = Debug;
		};
		3673C0A82CF9C614005A1BED /* Release */ = {
			isa = XCBuildConfiguration;
			buildSettings = {
				ASSETCATALOG_COMPILER_APPICON_NAME = AppIcon;
				ASSETCATALOG_COMPILER_GLOBAL_ACCENT_COLOR_NAME = AccentColor;
				ASSETCATALOG_COMPILER_INCLUDE_ALL_APPICON_ASSETS = YES;
				CODE_SIGN_STYLE = Automatic;
				CURRENT_PROJECT_VERSION = 1.1;
				DEVELOPMENT_ASSET_PATHS = "\"dewbee-ios/Preview Content\"";
				DEVELOPMENT_TEAM = CWE2KX9QPA;
				ENABLE_PREVIEWS = YES;
				GENERATE_INFOPLIST_FILE = YES;
				INFOPLIST_FILE = "dewbee-ios/Base.lproj/Info.plist";
				INFOPLIST_KEY_CFBundleDisplayName = "듀비";
				INFOPLIST_KEY_LSApplicationCategoryType = "public.app-category.finance";
				INFOPLIST_KEY_UIApplicationSceneManifest_Generation = YES;
				INFOPLIST_KEY_UIApplicationSupportsIndirectInputEvents = YES;
				INFOPLIST_KEY_UILaunchStoryboardName = "Launch Screen";
				INFOPLIST_KEY_UISupportedInterfaceOrientations_iPad = "UIInterfaceOrientationPortrait UIInterfaceOrientationPortraitUpsideDown UIInterfaceOrientationLandscapeLeft UIInterfaceOrientationLandscapeRight";
				INFOPLIST_KEY_UISupportedInterfaceOrientations_iPhone = "UIInterfaceOrientationPortrait UIInterfaceOrientationLandscapeLeft UIInterfaceOrientationLandscapeRight";
				LD_RUNPATH_SEARCH_PATHS = (
					"$(inherited)",
					"@executable_path/Frameworks",
				);
				MARKETING_VERSION = 1.1;
				PRODUCT_BUNDLE_IDENTIFIER = "com.dewdew.dewbee-ios";
				PRODUCT_NAME = "$(TARGET_NAME)";
				SUPPORTED_PLATFORMS = "iphoneos iphonesimulator";
				SUPPORTS_MACCATALYST = NO;
				SUPPORTS_XR_DESIGNED_FOR_IPHONE_IPAD = NO;
				SWIFT_EMIT_LOC_STRINGS = YES;
				SWIFT_VERSION = 5.0;
				TARGETED_DEVICE_FAMILY = "1,2";
			};
			name = Release;
		};
		3673C0AA2CF9C614005A1BED /* Debug */ = {
			isa = XCBuildConfiguration;
			buildSettings = {
				BUNDLE_LOADER = "$(TEST_HOST)";
				CODE_SIGN_STYLE = Automatic;
				CURRENT_PROJECT_VERSION = 1;
				DEVELOPMENT_TEAM = CWE2KX9QPA;
				GENERATE_INFOPLIST_FILE = YES;
				IPHONEOS_DEPLOYMENT_TARGET = 18.1;
				MARKETING_VERSION = 1.0;
				PRODUCT_BUNDLE_IDENTIFIER = "com.dewdew.dewbee-iosTests";
				PRODUCT_NAME = "$(TARGET_NAME)";
				SWIFT_EMIT_LOC_STRINGS = NO;
				SWIFT_VERSION = 5.0;
				TARGETED_DEVICE_FAMILY = "1,2";
				TEST_HOST = "$(BUILT_PRODUCTS_DIR)/dewbee-ios.app/$(BUNDLE_EXECUTABLE_FOLDER_PATH)/dewbee-ios";
			};
			name = Debug;
		};
		3673C0AB2CF9C614005A1BED /* Release */ = {
			isa = XCBuildConfiguration;
			buildSettings = {
				BUNDLE_LOADER = "$(TEST_HOST)";
				CODE_SIGN_STYLE = Automatic;
				CURRENT_PROJECT_VERSION = 1;
				DEVELOPMENT_TEAM = CWE2KX9QPA;
				GENERATE_INFOPLIST_FILE = YES;
				IPHONEOS_DEPLOYMENT_TARGET = 18.1;
				MARKETING_VERSION = 1.0;
				PRODUCT_BUNDLE_IDENTIFIER = "com.dewdew.dewbee-iosTests";
				PRODUCT_NAME = "$(TARGET_NAME)";
				SWIFT_EMIT_LOC_STRINGS = NO;
				SWIFT_VERSION = 5.0;
				TARGETED_DEVICE_FAMILY = "1,2";
				TEST_HOST = "$(BUILT_PRODUCTS_DIR)/dewbee-ios.app/$(BUNDLE_EXECUTABLE_FOLDER_PATH)/dewbee-ios";
			};
			name = Release;
		};
		3673C0AD2CF9C614005A1BED /* Debug */ = {
			isa = XCBuildConfiguration;
			buildSettings = {
				CODE_SIGN_STYLE = Automatic;
				CURRENT_PROJECT_VERSION = 1;
				DEVELOPMENT_TEAM = CWE2KX9QPA;
				GENERATE_INFOPLIST_FILE = YES;
				MARKETING_VERSION = 1.0;
				PRODUCT_BUNDLE_IDENTIFIER = "com.dewdew.dewbee-iosUITests";
				PRODUCT_NAME = "$(TARGET_NAME)";
				SWIFT_EMIT_LOC_STRINGS = NO;
				SWIFT_VERSION = 5.0;
				TARGETED_DEVICE_FAMILY = "1,2";
				TEST_TARGET_NAME = "dewbee-ios";
			};
			name = Debug;
		};
		3673C0AE2CF9C614005A1BED /* Release */ = {
			isa = XCBuildConfiguration;
			buildSettings = {
				CODE_SIGN_STYLE = Automatic;
				CURRENT_PROJECT_VERSION = 1;
				DEVELOPMENT_TEAM = CWE2KX9QPA;
				GENERATE_INFOPLIST_FILE = YES;
				MARKETING_VERSION = 1.0;
				PRODUCT_BUNDLE_IDENTIFIER = "com.dewdew.dewbee-iosUITests";
				PRODUCT_NAME = "$(TARGET_NAME)";
				SWIFT_EMIT_LOC_STRINGS = NO;
				SWIFT_VERSION = 5.0;
				TARGETED_DEVICE_FAMILY = "1,2";
				TEST_TARGET_NAME = "dewbee-ios";
			};
			name = Release;
		};
/* End XCBuildConfiguration section */

/* Begin XCConfigurationList section */
		3673C07D2CF9C612005A1BED /* Build configuration list for PBXProject "dewbee-ios" */ = {
			isa = XCConfigurationList;
			buildConfigurations = (
				3673C0A42CF9C614005A1BED /* Debug */,
				3673C0A52CF9C614005A1BED /* Release */,
			);
			defaultConfigurationIsVisible = 0;
			defaultConfigurationName = Release;
		};
		3673C0A62CF9C614005A1BED /* Build configuration list for PBXNativeTarget "dewbee-ios" */ = {
			isa = XCConfigurationList;
			buildConfigurations = (
				3673C0A72CF9C614005A1BED /* Debug */,
				3673C0A82CF9C614005A1BED /* Release */,
			);
			defaultConfigurationIsVisible = 0;
			defaultConfigurationName = Release;
		};
		3673C0A92CF9C614005A1BED /* Build configuration list for PBXNativeTarget "dewbee-iosTests" */ = {
			isa = XCConfigurationList;
			buildConfigurations = (
				3673C0AA2CF9C614005A1BED /* Debug */,
				3673C0AB2CF9C614005A1BED /* Release */,
			);
			defaultConfigurationIsVisible = 0;
			defaultConfigurationName = Release;
		};
		3673C0AC2CF9C614005A1BED /* Build configuration list for PBXNativeTarget "dewbee-iosUITests" */ = {
			isa = XCConfigurationList;
			buildConfigurations = (
				3673C0AD2CF9C614005A1BED /* Debug */,
				3673C0AE2CF9C614005A1BED /* Release */,
			);
			defaultConfigurationIsVisible = 0;
			defaultConfigurationName = Release;
		};
/* End XCConfigurationList section */
	};
	rootObject = 3673C07A2CF9C612005A1BED /* Project object */;
}
